
Microsoft Visual Studio Solution File, Format Version 12.00
# Visual Studio 14
VisualStudioVersion = 14.0.24720.0
MinimumVisualStudioVersion = 10.0.40219.1
Project("{FAE04EC0-301F-11D3-BF4B-00C04F79EFBC}") = "T01.EmployeesAndOrders", "T01.EmployeesAndOrders\T01.EmployeesAndOrders.csproj", "{8E755133-2C70-4F06-9B21-15D07BF02298}"
EndProject
Project("{FAE04EC0-301F-11D3-BF4B-00C04F79EFBC}") = "T02.Chat", "T02.Chat\T02.Chat.csproj", "{18B5B823-0023-4E18-9604-E2045D944E76}"
EndProject
Global
	GlobalSection(SolutionConfigurationPlatforms) = preSolution
		Debug|Any CPU = Debug|Any CPU
		Release|Any CPU = Release|Any CPU
	EndGlobalSection
	GlobalSection(ProjectConfigurationPlatforms) = postSolution
		{8E755133-2C70-4F06-9B21-15D07BF02298}.Debug|Any CPU.ActiveCfg = Debug|Any CPU
		{8E755133-2C70-4F06-9B21-15D07BF02298}.Debug|Any CPU.Build.0 = Debug|Any CPU
		{8E755133-2C70-4F06-9B21-15D07BF02298}.Release|Any CPU.ActiveCfg = Release|Any CPU
		{8E755133-2C70-4F06-9B21-15D07BF02298}.Release|Any CPU.Build.0 = Release|Any CPU
		{18B5B823-0023-4E18-9604-E2045D944E76}.Debug|Any CPU.ActiveCfg = Debug|Any CPU
		{18B5B823-0023-4E18-9604-E2045D944E76}.Debug|Any CPU.Build.0 = Debug|Any CPU
		{18B5B823-0023-4E18-9604-E2045D944E76}.Release|Any CPU.ActiveCfg = Release|Any CPU
		{18B5B823-0023-4E18-9604-E2045D944E76}.Release|Any CPU.Build.0 = Release|Any CPU
	EndGlobalSection
	GlobalSection(SolutionProperties) = preSolution
		HideSolutionNode = FALSE
	EndGlobalSection
EndGlobal
