
Microsoft Visual Studio Solution File, Format Version 12.00
# Visual Studio 2013
VisualStudioVersion = 12.0.31101.0
MinimumVisualStudioVersion = 10.0.40219.1
Project("{FAE04EC0-301F-11D3-BF4B-00C04F79EFBC}") = "T2.MakePerson", "T2.MakePerson\T2.MakePerson.csproj", "{315AA81C-9554-4DAD-9763-E8630EB487E7}"
EndProject
Project("{FAE04EC0-301F-11D3-BF4B-00C04F79EFBC}") = "T1.ClassRefactored", "T1.ClassRefactored\T1.ClassRefactored.csproj", "{058A49B4-B00C-41B9-82E7-3EB364F5690E}"
EndProject
Project("{FAE04EC0-301F-11D3-BF4B-00C04F79EFBC}") = "T3.JavaScript", "T3.JavaScript\T3.JavaScript.csproj", "{CAC93E0F-A59C-42FF-8FF4-C2EC6BB5304E}"
EndProject
Project("{FAE04EC0-301F-11D3-BF4B-00C04F79EFBC}") = "T4.Mines", "T4.Mines\T4.Mines.csproj", "{64357E05-A31E-484A-BF8E-A84B52302FE6}"
EndProject
Global
	GlobalSection(SolutionConfigurationPlatforms) = preSolution
		Debug|Any CPU = Debug|Any CPU
		Release|Any CPU = Release|Any CPU
	EndGlobalSection
	GlobalSection(ProjectConfigurationPlatforms) = postSolution
		{315AA81C-9554-4DAD-9763-E8630EB487E7}.Debug|Any CPU.ActiveCfg = Debug|Any CPU
		{315AA81C-9554-4DAD-9763-E8630EB487E7}.Debug|Any CPU.Build.0 = Debug|Any CPU
		{315AA81C-9554-4DAD-9763-E8630EB487E7}.Release|Any CPU.ActiveCfg = Release|Any CPU
		{315AA81C-9554-4DAD-9763-E8630EB487E7}.Release|Any CPU.Build.0 = Release|Any CPU
		{058A49B4-B00C-41B9-82E7-3EB364F5690E}.Debug|Any CPU.ActiveCfg = Debug|Any CPU
		{058A49B4-B00C-41B9-82E7-3EB364F5690E}.Debug|Any CPU.Build.0 = Debug|Any CPU
		{058A49B4-B00C-41B9-82E7-3EB364F5690E}.Release|Any CPU.ActiveCfg = Release|Any CPU
		{058A49B4-B00C-41B9-82E7-3EB364F5690E}.Release|Any CPU.Build.0 = Release|Any CPU
		{CAC93E0F-A59C-42FF-8FF4-C2EC6BB5304E}.Debug|Any CPU.ActiveCfg = Debug|Any CPU
		{CAC93E0F-A59C-42FF-8FF4-C2EC6BB5304E}.Debug|Any CPU.Build.0 = Debug|Any CPU
		{CAC93E0F-A59C-42FF-8FF4-C2EC6BB5304E}.Release|Any CPU.ActiveCfg = Release|Any CPU
		{CAC93E0F-A59C-42FF-8FF4-C2EC6BB5304E}.Release|Any CPU.Build.0 = Release|Any CPU
		{64357E05-A31E-484A-BF8E-A84B52302FE6}.Debug|Any CPU.ActiveCfg = Debug|Any CPU
		{64357E05-A31E-484A-BF8E-A84B52302FE6}.Debug|Any CPU.Build.0 = Debug|Any CPU
		{64357E05-A31E-484A-BF8E-A84B52302FE6}.Release|Any CPU.ActiveCfg = Release|Any CPU
		{64357E05-A31E-484A-BF8E-A84B52302FE6}.Release|Any CPU.Build.0 = Release|Any CPU
	EndGlobalSection
	GlobalSection(SolutionProperties) = preSolution
		HideSolutionNode = FALSE
	EndGlobalSection
EndGlobal
