
Microsoft Visual Studio Solution File, Format Version 12.00
# Visual Studio 14
VisualStudioVersion = 14.0.24720.0
MinimumVisualStudioVersion = 10.0.40219.1
Project("{FAE04EC0-301F-11D3-BF4B-00C04F79EFBC}") = "T01.PrintTypeOfBrowser", "T01.PrintTypeOfBrowser\T01.PrintTypeOfBrowser.csproj", "{CF596470-C99C-4395-A9C6-CE6DC312859D}"
EndProject
Project("{FAE04EC0-301F-11D3-BF4B-00C04F79EFBC}") = "T02.Session", "T02.Session\T02.Session.csproj", "{491DD65E-4E45-486D-8D77-860F031CAFC2}"
EndProject
Project("{FAE04EC0-301F-11D3-BF4B-00C04F79EFBC}") = "T03.ExchangeUserData", "T03.ExchangeUserData\T03.ExchangeUserData.csproj", "{A31D3DE9-20F9-4ECA-8464-766074262900}"
EndProject
Project("{FAE04EC0-301F-11D3-BF4B-00C04F79EFBC}") = "T04.DeleteViewState", "T04.DeleteViewState\T04.DeleteViewState.csproj", "{4ED04F68-E868-4609-B3E3-9DFD122694C9}"
EndProject
Project("{FAE04EC0-301F-11D3-BF4B-00C04F79EFBC}") = "T05.WebCounter", "T05.WebCounter\T05.WebCounter.csproj", "{808AEFC9-C7DE-41CD-98E9-BC62C1EE70B9}"
EndProject
Project("{FAE04EC0-301F-11D3-BF4B-00C04F79EFBC}") = "T05.WebCounterWithSql", "T05.WebCounterWithSql\T05.WebCounterWithSql.csproj", "{88E5C7DF-8BBA-4DCF-9DCB-BE6D80296961}"
EndProject
Project("{FAE04EC0-301F-11D3-BF4B-00C04F79EFBC}") = "T06.TicTacToe", "T06.TicTacToe\T06.TicTacToe.csproj", "{DF6D895F-0893-4B98-B23A-9FAA7B3D8FED}"
EndProject
Global
	GlobalSection(SolutionConfigurationPlatforms) = preSolution
		Debug|Any CPU = Debug|Any CPU
		Release|Any CPU = Release|Any CPU
	EndGlobalSection
	GlobalSection(ProjectConfigurationPlatforms) = postSolution
		{CF596470-C99C-4395-A9C6-CE6DC312859D}.Debug|Any CPU.ActiveCfg = Debug|Any CPU
		{CF596470-C99C-4395-A9C6-CE6DC312859D}.Debug|Any CPU.Build.0 = Debug|Any CPU
		{CF596470-C99C-4395-A9C6-CE6DC312859D}.Release|Any CPU.ActiveCfg = Release|Any CPU
		{CF596470-C99C-4395-A9C6-CE6DC312859D}.Release|Any CPU.Build.0 = Release|Any CPU
		{491DD65E-4E45-486D-8D77-860F031CAFC2}.Debug|Any CPU.ActiveCfg = Debug|Any CPU
		{491DD65E-4E45-486D-8D77-860F031CAFC2}.Debug|Any CPU.Build.0 = Debug|Any CPU
		{491DD65E-4E45-486D-8D77-860F031CAFC2}.Release|Any CPU.ActiveCfg = Release|Any CPU
		{491DD65E-4E45-486D-8D77-860F031CAFC2}.Release|Any CPU.Build.0 = Release|Any CPU
		{A31D3DE9-20F9-4ECA-8464-766074262900}.Debug|Any CPU.ActiveCfg = Debug|Any CPU
		{A31D3DE9-20F9-4ECA-8464-766074262900}.Debug|Any CPU.Build.0 = Debug|Any CPU
		{A31D3DE9-20F9-4ECA-8464-766074262900}.Release|Any CPU.ActiveCfg = Release|Any CPU
		{A31D3DE9-20F9-4ECA-8464-766074262900}.Release|Any CPU.Build.0 = Release|Any CPU
		{4ED04F68-E868-4609-B3E3-9DFD122694C9}.Debug|Any CPU.ActiveCfg = Debug|Any CPU
		{4ED04F68-E868-4609-B3E3-9DFD122694C9}.Debug|Any CPU.Build.0 = Debug|Any CPU
		{4ED04F68-E868-4609-B3E3-9DFD122694C9}.Release|Any CPU.ActiveCfg = Release|Any CPU
		{4ED04F68-E868-4609-B3E3-9DFD122694C9}.Release|Any CPU.Build.0 = Release|Any CPU
		{808AEFC9-C7DE-41CD-98E9-BC62C1EE70B9}.Debug|Any CPU.ActiveCfg = Debug|Any CPU
		{808AEFC9-C7DE-41CD-98E9-BC62C1EE70B9}.Debug|Any CPU.Build.0 = Debug|Any CPU
		{808AEFC9-C7DE-41CD-98E9-BC62C1EE70B9}.Release|Any CPU.ActiveCfg = Release|Any CPU
		{808AEFC9-C7DE-41CD-98E9-BC62C1EE70B9}.Release|Any CPU.Build.0 = Release|Any CPU
		{88E5C7DF-8BBA-4DCF-9DCB-BE6D80296961}.Debug|Any CPU.ActiveCfg = Debug|Any CPU
		{88E5C7DF-8BBA-4DCF-9DCB-BE6D80296961}.Debug|Any CPU.Build.0 = Debug|Any CPU
		{88E5C7DF-8BBA-4DCF-9DCB-BE6D80296961}.Release|Any CPU.ActiveCfg = Release|Any CPU
		{88E5C7DF-8BBA-4DCF-9DCB-BE6D80296961}.Release|Any CPU.Build.0 = Release|Any CPU
		{DF6D895F-0893-4B98-B23A-9FAA7B3D8FED}.Debug|Any CPU.ActiveCfg = Debug|Any CPU
		{DF6D895F-0893-4B98-B23A-9FAA7B3D8FED}.Debug|Any CPU.Build.0 = Debug|Any CPU
		{DF6D895F-0893-4B98-B23A-9FAA7B3D8FED}.Release|Any CPU.ActiveCfg = Release|Any CPU
		{DF6D895F-0893-4B98-B23A-9FAA7B3D8FED}.Release|Any CPU.Build.0 = Release|Any CPU
	EndGlobalSection
	GlobalSection(SolutionProperties) = preSolution
		HideSolutionNode = FALSE
	EndGlobalSection
EndGlobal
