
Microsoft Visual Studio Solution File, Format Version 12.00
# Visual Studio 2013
VisualStudioVersion = 12.0.40629.0
MinimumVisualStudioVersion = 10.0.40219.1
Project("{FAE04EC0-301F-11D3-BF4B-00C04F79EFBC}") = "MatrixTask", "MatrixTask\MatrixTask.csproj", "{52995F9E-26D8-4472-973E-598F9AFB3974}"
EndProject
Project("{FAE04EC0-301F-11D3-BF4B-00C04F79EFBC}") = "MatrixTask.Tests", "MatrixTask.Tests\MatrixTask.Tests.csproj", "{B4E40035-E0A4-40D5-92D8-9F03394C9206}"
EndProject
Global
	GlobalSection(SolutionConfigurationPlatforms) = preSolution
		Debug|Any CPU = Debug|Any CPU
		Debug|Mixed Platforms = Debug|Mixed Platforms
		Debug|x86 = Debug|x86
		Release|Any CPU = Release|Any CPU
		Release|Mixed Platforms = Release|Mixed Platforms
		Release|x86 = Release|x86
	EndGlobalSection
	GlobalSection(ProjectConfigurationPlatforms) = postSolution
		{52995F9E-26D8-4472-973E-598F9AFB3974}.Debug|Any CPU.ActiveCfg = Debug|Any CPU
		{52995F9E-26D8-4472-973E-598F9AFB3974}.Debug|Any CPU.Build.0 = Debug|Any CPU
		{52995F9E-26D8-4472-973E-598F9AFB3974}.Debug|Mixed Platforms.ActiveCfg = Debug|Any CPU
		{52995F9E-26D8-4472-973E-598F9AFB3974}.Debug|Mixed Platforms.Build.0 = Debug|Any CPU
		{52995F9E-26D8-4472-973E-598F9AFB3974}.Debug|x86.ActiveCfg = Debug|Any CPU
		{52995F9E-26D8-4472-973E-598F9AFB3974}.Release|Any CPU.ActiveCfg = Release|Any CPU
		{52995F9E-26D8-4472-973E-598F9AFB3974}.Release|Any CPU.Build.0 = Release|Any CPU
		{52995F9E-26D8-4472-973E-598F9AFB3974}.Release|Mixed Platforms.ActiveCfg = Release|Any CPU
		{52995F9E-26D8-4472-973E-598F9AFB3974}.Release|Mixed Platforms.Build.0 = Release|Any CPU
		{52995F9E-26D8-4472-973E-598F9AFB3974}.Release|x86.ActiveCfg = Release|Any CPU
		{B4E40035-E0A4-40D5-92D8-9F03394C9206}.Debug|Any CPU.ActiveCfg = Debug|Any CPU
		{B4E40035-E0A4-40D5-92D8-9F03394C9206}.Debug|Any CPU.Build.0 = Debug|Any CPU
		{B4E40035-E0A4-40D5-92D8-9F03394C9206}.Debug|Mixed Platforms.ActiveCfg = Debug|Any CPU
		{B4E40035-E0A4-40D5-92D8-9F03394C9206}.Debug|Mixed Platforms.Build.0 = Debug|Any CPU
		{B4E40035-E0A4-40D5-92D8-9F03394C9206}.Debug|x86.ActiveCfg = Debug|Any CPU
		{B4E40035-E0A4-40D5-92D8-9F03394C9206}.Release|Any CPU.ActiveCfg = Release|Any CPU
		{B4E40035-E0A4-40D5-92D8-9F03394C9206}.Release|Any CPU.Build.0 = Release|Any CPU
		{B4E40035-E0A4-40D5-92D8-9F03394C9206}.Release|Mixed Platforms.ActiveCfg = Release|Any CPU
		{B4E40035-E0A4-40D5-92D8-9F03394C9206}.Release|Mixed Platforms.Build.0 = Release|Any CPU
		{B4E40035-E0A4-40D5-92D8-9F03394C9206}.Release|x86.ActiveCfg = Release|Any CPU
	EndGlobalSection
	GlobalSection(SolutionProperties) = preSolution
		HideSolutionNode = FALSE
	EndGlobalSection
EndGlobal
