
Microsoft Visual Studio Solution File, Format Version 12.00
# Visual Studio 14
VisualStudioVersion = 14.0.23107.0
MinimumVisualStudioVersion = 10.0.40219.1
Project("{FAE04EC0-301F-11D3-BF4B-00C04F79EFBC}") = "SingletonPattern", "SingletonPattern\SingletonPattern.csproj", "{DE5389B4-8867-44CD-98E8-CB451A864B90}"
EndProject
Project("{FAE04EC0-301F-11D3-BF4B-00C04F79EFBC}") = "SimpleFactory", "SimpleFactory\SimpleFactory.csproj", "{17F0BF0A-9823-4E48-85D4-41AFDC39CF20}"
EndProject
Project("{FAE04EC0-301F-11D3-BF4B-00C04F79EFBC}") = "FactoryMethod", "FactoryMethod\FactoryMethod.csproj", "{776DDEC2-2061-4B83-84A1-13E4EDAA85D4}"
EndProject
Project("{FAE04EC0-301F-11D3-BF4B-00C04F79EFBC}") = "AbstractFactory", "AbstractFactory\AbstractFactory.csproj", "{B8EBA929-8E99-43E6-AB4E-E164A91CBBD8}"
EndProject
Project("{FAE04EC0-301F-11D3-BF4B-00C04F79EFBC}") = "BuildedPattern", "BuildedPattern\BuildedPattern.csproj", "{C9E6594B-9595-4A9E-8F38-CAFF38A9C088}"
EndProject
Project("{FAE04EC0-301F-11D3-BF4B-00C04F79EFBC}") = "PrototypePattern", "PrototypePattern\PrototypePattern.csproj", "{ED809666-9C14-49E2-9C57-B6CA60417499}"
EndProject
Project("{FAE04EC0-301F-11D3-BF4B-00C04F79EFBC}") = "FluentInterface", "FluentInterface\FluentInterface.csproj", "{31238689-99CA-4FA3-9DBD-1489D32E31CF}"
EndProject
Global
	GlobalSection(SolutionConfigurationPlatforms) = preSolution
		Debug|Any CPU = Debug|Any CPU
		Release|Any CPU = Release|Any CPU
	EndGlobalSection
	GlobalSection(ProjectConfigurationPlatforms) = postSolution
		{DE5389B4-8867-44CD-98E8-CB451A864B90}.Debug|Any CPU.ActiveCfg = Debug|Any CPU
		{DE5389B4-8867-44CD-98E8-CB451A864B90}.Debug|Any CPU.Build.0 = Debug|Any CPU
		{DE5389B4-8867-44CD-98E8-CB451A864B90}.Release|Any CPU.ActiveCfg = Release|Any CPU
		{DE5389B4-8867-44CD-98E8-CB451A864B90}.Release|Any CPU.Build.0 = Release|Any CPU
		{17F0BF0A-9823-4E48-85D4-41AFDC39CF20}.Debug|Any CPU.ActiveCfg = Debug|Any CPU
		{17F0BF0A-9823-4E48-85D4-41AFDC39CF20}.Debug|Any CPU.Build.0 = Debug|Any CPU
		{17F0BF0A-9823-4E48-85D4-41AFDC39CF20}.Release|Any CPU.ActiveCfg = Release|Any CPU
		{17F0BF0A-9823-4E48-85D4-41AFDC39CF20}.Release|Any CPU.Build.0 = Release|Any CPU
		{776DDEC2-2061-4B83-84A1-13E4EDAA85D4}.Debug|Any CPU.ActiveCfg = Debug|Any CPU
		{776DDEC2-2061-4B83-84A1-13E4EDAA85D4}.Debug|Any CPU.Build.0 = Debug|Any CPU
		{776DDEC2-2061-4B83-84A1-13E4EDAA85D4}.Release|Any CPU.ActiveCfg = Release|Any CPU
		{776DDEC2-2061-4B83-84A1-13E4EDAA85D4}.Release|Any CPU.Build.0 = Release|Any CPU
		{B8EBA929-8E99-43E6-AB4E-E164A91CBBD8}.Debug|Any CPU.ActiveCfg = Debug|Any CPU
		{B8EBA929-8E99-43E6-AB4E-E164A91CBBD8}.Debug|Any CPU.Build.0 = Debug|Any CPU
		{B8EBA929-8E99-43E6-AB4E-E164A91CBBD8}.Release|Any CPU.ActiveCfg = Release|Any CPU
		{B8EBA929-8E99-43E6-AB4E-E164A91CBBD8}.Release|Any CPU.Build.0 = Release|Any CPU
		{C9E6594B-9595-4A9E-8F38-CAFF38A9C088}.Debug|Any CPU.ActiveCfg = Debug|Any CPU
		{C9E6594B-9595-4A9E-8F38-CAFF38A9C088}.Debug|Any CPU.Build.0 = Debug|Any CPU
		{C9E6594B-9595-4A9E-8F38-CAFF38A9C088}.Release|Any CPU.ActiveCfg = Release|Any CPU
		{C9E6594B-9595-4A9E-8F38-CAFF38A9C088}.Release|Any CPU.Build.0 = Release|Any CPU
		{ED809666-9C14-49E2-9C57-B6CA60417499}.Debug|Any CPU.ActiveCfg = Debug|Any CPU
		{ED809666-9C14-49E2-9C57-B6CA60417499}.Debug|Any CPU.Build.0 = Debug|Any CPU
		{ED809666-9C14-49E2-9C57-B6CA60417499}.Release|Any CPU.ActiveCfg = Release|Any CPU
		{ED809666-9C14-49E2-9C57-B6CA60417499}.Release|Any CPU.Build.0 = Release|Any CPU
		{31238689-99CA-4FA3-9DBD-1489D32E31CF}.Debug|Any CPU.ActiveCfg = Debug|Any CPU
		{31238689-99CA-4FA3-9DBD-1489D32E31CF}.Debug|Any CPU.Build.0 = Debug|Any CPU
		{31238689-99CA-4FA3-9DBD-1489D32E31CF}.Release|Any CPU.ActiveCfg = Release|Any CPU
		{31238689-99CA-4FA3-9DBD-1489D32E31CF}.Release|Any CPU.Build.0 = Release|Any CPU
	EndGlobalSection
	GlobalSection(SolutionProperties) = preSolution
		HideSolutionNode = FALSE
	EndGlobalSection
EndGlobal
