
Microsoft Visual Studio Solution File, Format Version 12.00
# Visual Studio 2013
VisualStudioVersion = 12.0.31101.0
MinimumVisualStudioVersion = 10.0.40219.1
Project("{FAE04EC0-301F-11D3-BF4B-00C04F79EFBC}") = "Testing", "Testing\Testing.csproj", "{0CD9E3CE-F61D-4CB4-BF4E-E0106FF16FD4}"
EndProject
Project("{FAE04EC0-301F-11D3-BF4B-00C04F79EFBC}") = "MobilePhone", "MobilePhone\MobilePhone.csproj", "{C6DE64CA-F3D4-413F-92A4-57FB068333DB}"
EndProject
Global
	GlobalSection(SolutionConfigurationPlatforms) = preSolution
		Debug|Any CPU = Debug|Any CPU
		Release|Any CPU = Release|Any CPU
	EndGlobalSection
	GlobalSection(ProjectConfigurationPlatforms) = postSolution
		{0CD9E3CE-F61D-4CB4-BF4E-E0106FF16FD4}.Debug|Any CPU.ActiveCfg = Debug|Any CPU
		{0CD9E3CE-F61D-4CB4-BF4E-E0106FF16FD4}.Debug|Any CPU.Build.0 = Debug|Any CPU
		{0CD9E3CE-F61D-4CB4-BF4E-E0106FF16FD4}.Release|Any CPU.ActiveCfg = Release|Any CPU
		{0CD9E3CE-F61D-4CB4-BF4E-E0106FF16FD4}.Release|Any CPU.Build.0 = Release|Any CPU
		{C6DE64CA-F3D4-413F-92A4-57FB068333DB}.Debug|Any CPU.ActiveCfg = Debug|Any CPU
		{C6DE64CA-F3D4-413F-92A4-57FB068333DB}.Debug|Any CPU.Build.0 = Debug|Any CPU
		{C6DE64CA-F3D4-413F-92A4-57FB068333DB}.Release|Any CPU.ActiveCfg = Release|Any CPU
		{C6DE64CA-F3D4-413F-92A4-57FB068333DB}.Release|Any CPU.Build.0 = Release|Any CPU
	EndGlobalSection
	GlobalSection(SolutionProperties) = preSolution
		HideSolutionNode = FALSE
	EndGlobalSection
EndGlobal
