
Microsoft Visual Studio Solution File, Format Version 12.00
# Visual Studio 2013
VisualStudioVersion = 12.0.31101.0
MinimumVisualStudioVersion = 10.0.40219.1
Project("{2150E333-8FDC-42A3-9474-1A3956D46DE8}") = "Variant 4 (2015-03-06-Evening)", "Variant 4 (2015-03-06-Evening)", "{6CB02364-4FFA-44B1-934B-1DA4DE4D4D09}"
EndProject
Project("{FAE04EC0-301F-11D3-BF4B-00C04F79EFBC}") = "V4.P1", "V4.P1\V4.P1.csproj", "{3F7EE93D-3320-42D4-BF64-68A2D07BDF0D}"
EndProject
Project("{FAE04EC0-301F-11D3-BF4B-00C04F79EFBC}") = "V4.P2", "V4.P2\V4.P2.csproj", "{345183BA-C294-41FE-B4BD-359CD3654E38}"
EndProject
Project("{FAE04EC0-301F-11D3-BF4B-00C04F79EFBC}") = "V4.P3", "V4.P3\V4.P3.csproj", "{81D4801A-DDCB-43EC-9DB9-60DBB27E6ABD}"
EndProject
Project("{2150E333-8FDC-42A3-9474-1A3956D46DE8}") = "Variant 2 (2015-03-05-Evening)", "Variant 2 (2015-03-05-Evening)", "{671220D1-D6A0-4268-A30C-BB4A868A1707}"
EndProject
Project("{FAE04EC0-301F-11D3-BF4B-00C04F79EFBC}") = "V2.P1", "V2.P1\V2.P1.csproj", "{33817159-8023-4FB2-88FB-9506724CE976}"
EndProject
Project("{FAE04EC0-301F-11D3-BF4B-00C04F79EFBC}") = "V2.P2", "V2.P2\V2.P2.csproj", "{06C07F9D-49B5-49CD-8942-C0DAF9E19178}"
EndProject
Project("{FAE04EC0-301F-11D3-BF4B-00C04F79EFBC}") = "V2.P3", "V2.P3\V2.P3.csproj", "{FF057A9D-7E0A-467E-9167-05556A28962E}"
EndProject
Project("{FAE04EC0-301F-11D3-BF4B-00C04F79EFBC}") = "CoinChangeProblem", "CoinChangeProblem\CoinChangeProblem.csproj", "{84665010-9EED-46DD-AF03-7225FA8A9817}"
EndProject
Global
	GlobalSection(SolutionConfigurationPlatforms) = preSolution
		Debug|Any CPU = Debug|Any CPU
		Release|Any CPU = Release|Any CPU
	EndGlobalSection
	GlobalSection(ProjectConfigurationPlatforms) = postSolution
		{3F7EE93D-3320-42D4-BF64-68A2D07BDF0D}.Debug|Any CPU.ActiveCfg = Debug|Any CPU
		{3F7EE93D-3320-42D4-BF64-68A2D07BDF0D}.Debug|Any CPU.Build.0 = Debug|Any CPU
		{3F7EE93D-3320-42D4-BF64-68A2D07BDF0D}.Release|Any CPU.ActiveCfg = Release|Any CPU
		{3F7EE93D-3320-42D4-BF64-68A2D07BDF0D}.Release|Any CPU.Build.0 = Release|Any CPU
		{345183BA-C294-41FE-B4BD-359CD3654E38}.Debug|Any CPU.ActiveCfg = Debug|Any CPU
		{345183BA-C294-41FE-B4BD-359CD3654E38}.Debug|Any CPU.Build.0 = Debug|Any CPU
		{345183BA-C294-41FE-B4BD-359CD3654E38}.Release|Any CPU.ActiveCfg = Release|Any CPU
		{345183BA-C294-41FE-B4BD-359CD3654E38}.Release|Any CPU.Build.0 = Release|Any CPU
		{81D4801A-DDCB-43EC-9DB9-60DBB27E6ABD}.Debug|Any CPU.ActiveCfg = Debug|Any CPU
		{81D4801A-DDCB-43EC-9DB9-60DBB27E6ABD}.Debug|Any CPU.Build.0 = Debug|Any CPU
		{81D4801A-DDCB-43EC-9DB9-60DBB27E6ABD}.Release|Any CPU.ActiveCfg = Release|Any CPU
		{81D4801A-DDCB-43EC-9DB9-60DBB27E6ABD}.Release|Any CPU.Build.0 = Release|Any CPU
		{33817159-8023-4FB2-88FB-9506724CE976}.Debug|Any CPU.ActiveCfg = Debug|Any CPU
		{33817159-8023-4FB2-88FB-9506724CE976}.Debug|Any CPU.Build.0 = Debug|Any CPU
		{33817159-8023-4FB2-88FB-9506724CE976}.Release|Any CPU.ActiveCfg = Release|Any CPU
		{33817159-8023-4FB2-88FB-9506724CE976}.Release|Any CPU.Build.0 = Release|Any CPU
		{06C07F9D-49B5-49CD-8942-C0DAF9E19178}.Debug|Any CPU.ActiveCfg = Debug|Any CPU
		{06C07F9D-49B5-49CD-8942-C0DAF9E19178}.Debug|Any CPU.Build.0 = Debug|Any CPU
		{06C07F9D-49B5-49CD-8942-C0DAF9E19178}.Release|Any CPU.ActiveCfg = Release|Any CPU
		{06C07F9D-49B5-49CD-8942-C0DAF9E19178}.Release|Any CPU.Build.0 = Release|Any CPU
		{FF057A9D-7E0A-467E-9167-05556A28962E}.Debug|Any CPU.ActiveCfg = Debug|Any CPU
		{FF057A9D-7E0A-467E-9167-05556A28962E}.Debug|Any CPU.Build.0 = Debug|Any CPU
		{FF057A9D-7E0A-467E-9167-05556A28962E}.Release|Any CPU.ActiveCfg = Release|Any CPU
		{FF057A9D-7E0A-467E-9167-05556A28962E}.Release|Any CPU.Build.0 = Release|Any CPU
		{84665010-9EED-46DD-AF03-7225FA8A9817}.Debug|Any CPU.ActiveCfg = Debug|Any CPU
		{84665010-9EED-46DD-AF03-7225FA8A9817}.Debug|Any CPU.Build.0 = Debug|Any CPU
		{84665010-9EED-46DD-AF03-7225FA8A9817}.Release|Any CPU.ActiveCfg = Release|Any CPU
		{84665010-9EED-46DD-AF03-7225FA8A9817}.Release|Any CPU.Build.0 = Release|Any CPU
	EndGlobalSection
	GlobalSection(SolutionProperties) = preSolution
		HideSolutionNode = FALSE
	EndGlobalSection
	GlobalSection(NestedProjects) = preSolution
		{3F7EE93D-3320-42D4-BF64-68A2D07BDF0D} = {6CB02364-4FFA-44B1-934B-1DA4DE4D4D09}
		{345183BA-C294-41FE-B4BD-359CD3654E38} = {6CB02364-4FFA-44B1-934B-1DA4DE4D4D09}
		{81D4801A-DDCB-43EC-9DB9-60DBB27E6ABD} = {6CB02364-4FFA-44B1-934B-1DA4DE4D4D09}
		{33817159-8023-4FB2-88FB-9506724CE976} = {671220D1-D6A0-4268-A30C-BB4A868A1707}
		{06C07F9D-49B5-49CD-8942-C0DAF9E19178} = {671220D1-D6A0-4268-A30C-BB4A868A1707}
		{FF057A9D-7E0A-467E-9167-05556A28962E} = {671220D1-D6A0-4268-A30C-BB4A868A1707}
	EndGlobalSection
EndGlobal
