
Microsoft Visual Studio Solution File, Format Version 12.00
# Visual Studio 14
VisualStudioVersion = 14.0.24720.0
MinimumVisualStudioVersion = 10.0.40219.1
Project("{2150E333-8FDC-42A3-9474-1A3956D46DE8}") = "Task01", "Task01", "{96361776-B66E-4712-A0ED-40C5265CEE8D}"
EndProject
Project("{FAE04EC0-301F-11D3-BF4B-00C04F79EFBC}") = "WebForms", "Task01\WebForms\WebForms.csproj", "{25314071-BCCE-4C83-9B9B-332417A7771F}"
EndProject
Project("{FAE04EC0-301F-11D3-BF4B-00C04F79EFBC}") = "Mvc", "Task01\Mvc\Mvc.csproj", "{53629D31-744A-44AA-A0DB-F0892CA8BDBB}"
EndProject
Project("{FAE04EC0-301F-11D3-BF4B-00C04F79EFBC}") = "WebApi", "Task01\WebApi\WebApi.csproj", "{E75B61A5-1CAB-4624-AEDD-27ABD51ABB71}"
EndProject
Project("{FAE04EC0-301F-11D3-BF4B-00C04F79EFBC}") = "SPA", "Task01\SPA\SPA.csproj", "{1E67252D-3056-4010-A345-FC3F1A0F84E6}"
EndProject
Project("{2150E333-8FDC-42A3-9474-1A3956D46DE8}") = "Task02", "Task02", "{9AD416A9-3D0B-48AF-8125-EB2B75607E5C}"
EndProject
Project("{FAE04EC0-301F-11D3-BF4B-00C04F79EFBC}") = "WebFormsSumApp", "Task02\WebFormsSumApp\WebFormsSumApp.csproj", "{1C82F7E5-CE2B-48AB-BF21-A4C045A0B4A7}"
EndProject
Project("{FAE04EC0-301F-11D3-BF4B-00C04F79EFBC}") = "MvcSumApp", "Task02\MvcSumApp\MvcSumApp.csproj", "{CBA508F3-B324-436E-ABA6-A5D1C3F97651}"
EndProject
Project("{2150E333-8FDC-42A3-9474-1A3956D46DE8}") = "Task03", "Task03", "{C85E5DBA-B133-4744-BD84-ACE3DAD0E80C}"
EndProject
Project("{FAE04EC0-301F-11D3-BF4B-00C04F79EFBC}") = "ImageHandler", "Task03\ImageHandler\ImageHandler.csproj", "{B4E9994E-58E2-45E1-8BCA-4072CFC4CFF9}"
EndProject
Global
	GlobalSection(SolutionConfigurationPlatforms) = preSolution
		Debug|Any CPU = Debug|Any CPU
		Release|Any CPU = Release|Any CPU
	EndGlobalSection
	GlobalSection(ProjectConfigurationPlatforms) = postSolution
		{25314071-BCCE-4C83-9B9B-332417A7771F}.Debug|Any CPU.ActiveCfg = Debug|Any CPU
		{25314071-BCCE-4C83-9B9B-332417A7771F}.Debug|Any CPU.Build.0 = Debug|Any CPU
		{25314071-BCCE-4C83-9B9B-332417A7771F}.Release|Any CPU.ActiveCfg = Release|Any CPU
		{25314071-BCCE-4C83-9B9B-332417A7771F}.Release|Any CPU.Build.0 = Release|Any CPU
		{53629D31-744A-44AA-A0DB-F0892CA8BDBB}.Debug|Any CPU.ActiveCfg = Debug|Any CPU
		{53629D31-744A-44AA-A0DB-F0892CA8BDBB}.Debug|Any CPU.Build.0 = Debug|Any CPU
		{53629D31-744A-44AA-A0DB-F0892CA8BDBB}.Release|Any CPU.ActiveCfg = Release|Any CPU
		{53629D31-744A-44AA-A0DB-F0892CA8BDBB}.Release|Any CPU.Build.0 = Release|Any CPU
		{E75B61A5-1CAB-4624-AEDD-27ABD51ABB71}.Debug|Any CPU.ActiveCfg = Debug|Any CPU
		{E75B61A5-1CAB-4624-AEDD-27ABD51ABB71}.Debug|Any CPU.Build.0 = Debug|Any CPU
		{E75B61A5-1CAB-4624-AEDD-27ABD51ABB71}.Release|Any CPU.ActiveCfg = Release|Any CPU
		{E75B61A5-1CAB-4624-AEDD-27ABD51ABB71}.Release|Any CPU.Build.0 = Release|Any CPU
		{1E67252D-3056-4010-A345-FC3F1A0F84E6}.Debug|Any CPU.ActiveCfg = Debug|Any CPU
		{1E67252D-3056-4010-A345-FC3F1A0F84E6}.Debug|Any CPU.Build.0 = Debug|Any CPU
		{1E67252D-3056-4010-A345-FC3F1A0F84E6}.Release|Any CPU.ActiveCfg = Release|Any CPU
		{1E67252D-3056-4010-A345-FC3F1A0F84E6}.Release|Any CPU.Build.0 = Release|Any CPU
		{1C82F7E5-CE2B-48AB-BF21-A4C045A0B4A7}.Debug|Any CPU.ActiveCfg = Debug|Any CPU
		{1C82F7E5-CE2B-48AB-BF21-A4C045A0B4A7}.Debug|Any CPU.Build.0 = Debug|Any CPU
		{1C82F7E5-CE2B-48AB-BF21-A4C045A0B4A7}.Release|Any CPU.ActiveCfg = Release|Any CPU
		{1C82F7E5-CE2B-48AB-BF21-A4C045A0B4A7}.Release|Any CPU.Build.0 = Release|Any CPU
		{CBA508F3-B324-436E-ABA6-A5D1C3F97651}.Debug|Any CPU.ActiveCfg = Debug|Any CPU
		{CBA508F3-B324-436E-ABA6-A5D1C3F97651}.Debug|Any CPU.Build.0 = Debug|Any CPU
		{CBA508F3-B324-436E-ABA6-A5D1C3F97651}.Release|Any CPU.ActiveCfg = Release|Any CPU
		{CBA508F3-B324-436E-ABA6-A5D1C3F97651}.Release|Any CPU.Build.0 = Release|Any CPU
		{B4E9994E-58E2-45E1-8BCA-4072CFC4CFF9}.Debug|Any CPU.ActiveCfg = Debug|Any CPU
		{B4E9994E-58E2-45E1-8BCA-4072CFC4CFF9}.Debug|Any CPU.Build.0 = Debug|Any CPU
		{B4E9994E-58E2-45E1-8BCA-4072CFC4CFF9}.Release|Any CPU.ActiveCfg = Release|Any CPU
		{B4E9994E-58E2-45E1-8BCA-4072CFC4CFF9}.Release|Any CPU.Build.0 = Release|Any CPU
	EndGlobalSection
	GlobalSection(SolutionProperties) = preSolution
		HideSolutionNode = FALSE
	EndGlobalSection
	GlobalSection(NestedProjects) = preSolution
		{25314071-BCCE-4C83-9B9B-332417A7771F} = {96361776-B66E-4712-A0ED-40C5265CEE8D}
		{53629D31-744A-44AA-A0DB-F0892CA8BDBB} = {96361776-B66E-4712-A0ED-40C5265CEE8D}
		{E75B61A5-1CAB-4624-AEDD-27ABD51ABB71} = {96361776-B66E-4712-A0ED-40C5265CEE8D}
		{1E67252D-3056-4010-A345-FC3F1A0F84E6} = {96361776-B66E-4712-A0ED-40C5265CEE8D}
		{1C82F7E5-CE2B-48AB-BF21-A4C045A0B4A7} = {9AD416A9-3D0B-48AF-8125-EB2B75607E5C}
		{CBA508F3-B324-436E-ABA6-A5D1C3F97651} = {9AD416A9-3D0B-48AF-8125-EB2B75607E5C}
		{B4E9994E-58E2-45E1-8BCA-4072CFC4CFF9} = {C85E5DBA-B133-4744-BD84-ACE3DAD0E80C}
	EndGlobalSection
EndGlobal
