
Microsoft Visual Studio Solution File, Format Version 12.00
# Visual Studio 2013
VisualStudioVersion = 12.0.40629.0
MinimumVisualStudioVersion = 10.0.40219.1
Project("{FAE04EC0-301F-11D3-BF4B-00C04F79EFBC}") = "HW9.SortingAndSearchingAlgorithms", "HW9.SortingAndSearchingAlgorithms\HW9.SortingAndSearchingAlgorithms.csproj", "{B6A6292D-5815-4864-AD21-F4119E8D753D}"
EndProject
Project("{FAE04EC0-301F-11D3-BF4B-00C04F79EFBC}") = "TestingSortAndSearch", "TestingSortAndSearch\TestingSortAndSearch.csproj", "{011C6F97-E57C-4A9A-9295-0E1B63302D0F}"
EndProject
Global
	GlobalSection(SolutionConfigurationPlatforms) = preSolution
		Debug|Any CPU = Debug|Any CPU
		Release|Any CPU = Release|Any CPU
	EndGlobalSection
	GlobalSection(ProjectConfigurationPlatforms) = postSolution
		{B6A6292D-5815-4864-AD21-F4119E8D753D}.Debug|Any CPU.ActiveCfg = Debug|Any CPU
		{B6A6292D-5815-4864-AD21-F4119E8D753D}.Debug|Any CPU.Build.0 = Debug|Any CPU
		{B6A6292D-5815-4864-AD21-F4119E8D753D}.Release|Any CPU.ActiveCfg = Release|Any CPU
		{B6A6292D-5815-4864-AD21-F4119E8D753D}.Release|Any CPU.Build.0 = Release|Any CPU
		{011C6F97-E57C-4A9A-9295-0E1B63302D0F}.Debug|Any CPU.ActiveCfg = Debug|Any CPU
		{011C6F97-E57C-4A9A-9295-0E1B63302D0F}.Debug|Any CPU.Build.0 = Debug|Any CPU
		{011C6F97-E57C-4A9A-9295-0E1B63302D0F}.Release|Any CPU.ActiveCfg = Release|Any CPU
		{011C6F97-E57C-4A9A-9295-0E1B63302D0F}.Release|Any CPU.Build.0 = Release|Any CPU
	EndGlobalSection
	GlobalSection(SolutionProperties) = preSolution
		HideSolutionNode = FALSE
	EndGlobalSection
EndGlobal
