
Microsoft Visual Studio Solution File, Format Version 12.00
# Visual Studio 2012
Project("{FAE04EC0-301F-11D3-BF4B-00C04F79EFBC}") = "T01.DescribeStrings", "T01.DescribeStrings\T01.DescribeStrings.csproj", "{2AAEC412-5A6C-40F7-BE86-4B3B42E2416D}"
EndProject
Project("{FAE04EC0-301F-11D3-BF4B-00C04F79EFBC}") = "T02.ReverseString", "T02.ReverseString\T02.ReverseString.csproj", "{E1128893-48AD-4FBE-9456-62D581EF38E5}"
EndProject
Project("{FAE04EC0-301F-11D3-BF4B-00C04F79EFBC}") = "T03.Brackets", "T03.Brackets\T03.Brackets.csproj", "{8841BCF2-39E3-4D9F-B43C-184A43E4F4E5}"
EndProject
Project("{FAE04EC0-301F-11D3-BF4B-00C04F79EFBC}") = "T04.InsensitiveSearch", "T04.InsensitiveSearch\T04.InsensitiveSearch.csproj", "{B1542546-98C4-42D8-B42E-EA10F384362C}"
EndProject
Project("{FAE04EC0-301F-11D3-BF4B-00C04F79EFBC}") = "T05.ToUpperCase", "T05.ToUpperCase\T05.ToUpperCase.csproj", "{3517DEA4-FA5F-4DCB-9F85-C1070EFACE98}"
EndProject
Project("{FAE04EC0-301F-11D3-BF4B-00C04F79EFBC}") = "T06.Max20Chars", "T06.Max20Chars\T06.Max20Chars.csproj", "{2245AD07-FDAC-4B33-8020-2531499AF240}"
EndProject
Project("{FAE04EC0-301F-11D3-BF4B-00C04F79EFBC}") = "T07.StringEncryption", "T07.StringEncryption\T07.StringEncryption.csproj", "{6BD2949E-0B60-4094-A944-C6020F962909}"
EndProject
Project("{FAE04EC0-301F-11D3-BF4B-00C04F79EFBC}") = "T08.ExtractSentances", "T08.ExtractSentances\T08.ExtractSentances.csproj", "{A3BF5B10-9094-4C1B-BA9C-4BAC9D9C7C77}"
EndProject
Project("{FAE04EC0-301F-11D3-BF4B-00C04F79EFBC}") = "T09.ForbiddenWords", "T09.ForbiddenWords\T09.ForbiddenWords.csproj", "{599443B5-AEC6-4635-B6EC-C360BDC8ABE2}"
EndProject
Project("{FAE04EC0-301F-11D3-BF4B-00C04F79EFBC}") = "T10.ConvertToUnicode", "T10.ConvertToUnicode\T10.ConvertToUnicode.csproj", "{40FB0F23-6B79-4445-A52E-CB2EC9CF3B33}"
EndProject
Project("{FAE04EC0-301F-11D3-BF4B-00C04F79EFBC}") = "T11.ReadPrintNumber", "T11.ReadPrintNumber\T11.ReadPrintNumber.csproj", "{A8528E21-1EB4-42B1-BE0B-8E9C47C977C9}"
EndProject
Project("{FAE04EC0-301F-11D3-BF4B-00C04F79EFBC}") = "Helper", "Helper\Helper.csproj", "{489524F7-C7D6-45F5-B73C-99F2D403D564}"
EndProject
Project("{FAE04EC0-301F-11D3-BF4B-00C04F79EFBC}") = "T12.ParseUrl", "T12.ParseUrl\T12.ParseUrl.csproj", "{B2B7C677-3153-4DEB-8D93-16A66C528BC6}"
EndProject
Project("{FAE04EC0-301F-11D3-BF4B-00C04F79EFBC}") = "T13.ReverseSentence", "T13.ReverseSentence\T13.ReverseSentence.csproj", "{6B393F00-0BED-429D-BC13-3B0EE26BF9F5}"
EndProject
Project("{FAE04EC0-301F-11D3-BF4B-00C04F79EFBC}") = "T14.MyDictionary", "T14.MyDictionary\T14.MyDictionary.csproj", "{F39DB772-14B0-4092-B928-D971DC92A963}"
EndProject
Project("{FAE04EC0-301F-11D3-BF4B-00C04F79EFBC}") = "T15.ReplaceATag", "T15.ReplaceATag\T15.ReplaceATag.csproj", "{B8928482-63B7-4988-8A9D-C0239F1F336E}"
EndProject
Project("{FAE04EC0-301F-11D3-BF4B-00C04F79EFBC}") = "T16.DatesDistance", "T16.DatesDistance\T16.DatesDistance.csproj", "{09EF9F8C-8E8E-49EB-B0A9-814D28B35E03}"
EndProject
Project("{FAE04EC0-301F-11D3-BF4B-00C04F79EFBC}") = "T17.DateHour", "T17.DateHour\T17.DateHour.csproj", "{1525FBA4-8B86-49CB-9136-37471EA051E7}"
EndProject
Project("{FAE04EC0-301F-11D3-BF4B-00C04F79EFBC}") = "T18.ExtractMails", "T18.ExtractMails\T18.ExtractMails.csproj", "{D574769C-511F-4378-96A1-3712ABC7B7FC}"
EndProject
Project("{FAE04EC0-301F-11D3-BF4B-00C04F79EFBC}") = "T19.ExtractDates", "T19.ExtractDates\T19.ExtractDates.csproj", "{D8EACBC3-0C07-4E40-9854-54C7D98C0504}"
EndProject
Project("{FAE04EC0-301F-11D3-BF4B-00C04F79EFBC}") = "T20.Palindromes", "T20.Palindromes\T20.Palindromes.csproj", "{809C8743-3B93-4861-86A4-88D799A36319}"
EndProject
Project("{FAE04EC0-301F-11D3-BF4B-00C04F79EFBC}") = "T21.DuplicateChars", "T21.DuplicateChars\T21.DuplicateChars.csproj", "{5889CAF8-B206-4359-8A57-A5AA7799FF52}"
EndProject
Project("{FAE04EC0-301F-11D3-BF4B-00C04F79EFBC}") = "T22.DuplicateWords", "T22.DuplicateWords\T22.DuplicateWords.csproj", "{EA4F21C3-5FC4-40B1-AB42-B2240CB98F8A}"
EndProject
Project("{FAE04EC0-301F-11D3-BF4B-00C04F79EFBC}") = "T23.RemoveIdentical", "T23.RemoveIdentical\T23.RemoveIdentical.csproj", "{F8C9091C-F6CB-435F-8F19-F840B799EBF8}"
EndProject
Project("{FAE04EC0-301F-11D3-BF4B-00C04F79EFBC}") = "T24.SortWords", "T24.SortWords\T24.SortWords.csproj", "{02A58DFD-AB2B-4031-BE7A-70C2C5300222}"
EndProject
Project("{FAE04EC0-301F-11D3-BF4B-00C04F79EFBC}") = "T25.StripHtmlTags", "T25.StripHtmlTags\T25.StripHtmlTags.csproj", "{36FF42FD-23A4-4FD4-902E-824E26DBB845}"
EndProject
Global
	GlobalSection(SolutionConfigurationPlatforms) = preSolution
		Debug|Any CPU = Debug|Any CPU
		Release|Any CPU = Release|Any CPU
	EndGlobalSection
	GlobalSection(ProjectConfigurationPlatforms) = postSolution
		{2AAEC412-5A6C-40F7-BE86-4B3B42E2416D}.Debug|Any CPU.ActiveCfg = Debug|Any CPU
		{2AAEC412-5A6C-40F7-BE86-4B3B42E2416D}.Debug|Any CPU.Build.0 = Debug|Any CPU
		{2AAEC412-5A6C-40F7-BE86-4B3B42E2416D}.Release|Any CPU.ActiveCfg = Release|Any CPU
		{2AAEC412-5A6C-40F7-BE86-4B3B42E2416D}.Release|Any CPU.Build.0 = Release|Any CPU
		{E1128893-48AD-4FBE-9456-62D581EF38E5}.Debug|Any CPU.ActiveCfg = Debug|Any CPU
		{E1128893-48AD-4FBE-9456-62D581EF38E5}.Debug|Any CPU.Build.0 = Debug|Any CPU
		{E1128893-48AD-4FBE-9456-62D581EF38E5}.Release|Any CPU.ActiveCfg = Release|Any CPU
		{E1128893-48AD-4FBE-9456-62D581EF38E5}.Release|Any CPU.Build.0 = Release|Any CPU
		{8841BCF2-39E3-4D9F-B43C-184A43E4F4E5}.Debug|Any CPU.ActiveCfg = Debug|Any CPU
		{8841BCF2-39E3-4D9F-B43C-184A43E4F4E5}.Debug|Any CPU.Build.0 = Debug|Any CPU
		{8841BCF2-39E3-4D9F-B43C-184A43E4F4E5}.Release|Any CPU.ActiveCfg = Release|Any CPU
		{8841BCF2-39E3-4D9F-B43C-184A43E4F4E5}.Release|Any CPU.Build.0 = Release|Any CPU
		{B1542546-98C4-42D8-B42E-EA10F384362C}.Debug|Any CPU.ActiveCfg = Debug|Any CPU
		{B1542546-98C4-42D8-B42E-EA10F384362C}.Debug|Any CPU.Build.0 = Debug|Any CPU
		{B1542546-98C4-42D8-B42E-EA10F384362C}.Release|Any CPU.ActiveCfg = Release|Any CPU
		{B1542546-98C4-42D8-B42E-EA10F384362C}.Release|Any CPU.Build.0 = Release|Any CPU
		{3517DEA4-FA5F-4DCB-9F85-C1070EFACE98}.Debug|Any CPU.ActiveCfg = Debug|Any CPU
		{3517DEA4-FA5F-4DCB-9F85-C1070EFACE98}.Debug|Any CPU.Build.0 = Debug|Any CPU
		{3517DEA4-FA5F-4DCB-9F85-C1070EFACE98}.Release|Any CPU.ActiveCfg = Release|Any CPU
		{3517DEA4-FA5F-4DCB-9F85-C1070EFACE98}.Release|Any CPU.Build.0 = Release|Any CPU
		{2245AD07-FDAC-4B33-8020-2531499AF240}.Debug|Any CPU.ActiveCfg = Debug|Any CPU
		{2245AD07-FDAC-4B33-8020-2531499AF240}.Debug|Any CPU.Build.0 = Debug|Any CPU
		{2245AD07-FDAC-4B33-8020-2531499AF240}.Release|Any CPU.ActiveCfg = Release|Any CPU
		{2245AD07-FDAC-4B33-8020-2531499AF240}.Release|Any CPU.Build.0 = Release|Any CPU
		{6BD2949E-0B60-4094-A944-C6020F962909}.Debug|Any CPU.ActiveCfg = Debug|Any CPU
		{6BD2949E-0B60-4094-A944-C6020F962909}.Debug|Any CPU.Build.0 = Debug|Any CPU
		{6BD2949E-0B60-4094-A944-C6020F962909}.Release|Any CPU.ActiveCfg = Release|Any CPU
		{6BD2949E-0B60-4094-A944-C6020F962909}.Release|Any CPU.Build.0 = Release|Any CPU
		{A3BF5B10-9094-4C1B-BA9C-4BAC9D9C7C77}.Debug|Any CPU.ActiveCfg = Debug|Any CPU
		{A3BF5B10-9094-4C1B-BA9C-4BAC9D9C7C77}.Debug|Any CPU.Build.0 = Debug|Any CPU
		{A3BF5B10-9094-4C1B-BA9C-4BAC9D9C7C77}.Release|Any CPU.ActiveCfg = Release|Any CPU
		{A3BF5B10-9094-4C1B-BA9C-4BAC9D9C7C77}.Release|Any CPU.Build.0 = Release|Any CPU
		{599443B5-AEC6-4635-B6EC-C360BDC8ABE2}.Debug|Any CPU.ActiveCfg = Debug|Any CPU
		{599443B5-AEC6-4635-B6EC-C360BDC8ABE2}.Debug|Any CPU.Build.0 = Debug|Any CPU
		{599443B5-AEC6-4635-B6EC-C360BDC8ABE2}.Release|Any CPU.ActiveCfg = Release|Any CPU
		{599443B5-AEC6-4635-B6EC-C360BDC8ABE2}.Release|Any CPU.Build.0 = Release|Any CPU
		{40FB0F23-6B79-4445-A52E-CB2EC9CF3B33}.Debug|Any CPU.ActiveCfg = Debug|Any CPU
		{40FB0F23-6B79-4445-A52E-CB2EC9CF3B33}.Debug|Any CPU.Build.0 = Debug|Any CPU
		{40FB0F23-6B79-4445-A52E-CB2EC9CF3B33}.Release|Any CPU.ActiveCfg = Release|Any CPU
		{40FB0F23-6B79-4445-A52E-CB2EC9CF3B33}.Release|Any CPU.Build.0 = Release|Any CPU
		{A8528E21-1EB4-42B1-BE0B-8E9C47C977C9}.Debug|Any CPU.ActiveCfg = Debug|Any CPU
		{A8528E21-1EB4-42B1-BE0B-8E9C47C977C9}.Debug|Any CPU.Build.0 = Debug|Any CPU
		{A8528E21-1EB4-42B1-BE0B-8E9C47C977C9}.Release|Any CPU.ActiveCfg = Release|Any CPU
		{A8528E21-1EB4-42B1-BE0B-8E9C47C977C9}.Release|Any CPU.Build.0 = Release|Any CPU
		{489524F7-C7D6-45F5-B73C-99F2D403D564}.Debug|Any CPU.ActiveCfg = Debug|Any CPU
		{489524F7-C7D6-45F5-B73C-99F2D403D564}.Debug|Any CPU.Build.0 = Debug|Any CPU
		{489524F7-C7D6-45F5-B73C-99F2D403D564}.Release|Any CPU.ActiveCfg = Release|Any CPU
		{489524F7-C7D6-45F5-B73C-99F2D403D564}.Release|Any CPU.Build.0 = Release|Any CPU
		{B2B7C677-3153-4DEB-8D93-16A66C528BC6}.Debug|Any CPU.ActiveCfg = Debug|Any CPU
		{B2B7C677-3153-4DEB-8D93-16A66C528BC6}.Debug|Any CPU.Build.0 = Debug|Any CPU
		{B2B7C677-3153-4DEB-8D93-16A66C528BC6}.Release|Any CPU.ActiveCfg = Release|Any CPU
		{B2B7C677-3153-4DEB-8D93-16A66C528BC6}.Release|Any CPU.Build.0 = Release|Any CPU
		{6B393F00-0BED-429D-BC13-3B0EE26BF9F5}.Debug|Any CPU.ActiveCfg = Debug|Any CPU
		{6B393F00-0BED-429D-BC13-3B0EE26BF9F5}.Debug|Any CPU.Build.0 = Debug|Any CPU
		{6B393F00-0BED-429D-BC13-3B0EE26BF9F5}.Release|Any CPU.ActiveCfg = Release|Any CPU
		{6B393F00-0BED-429D-BC13-3B0EE26BF9F5}.Release|Any CPU.Build.0 = Release|Any CPU
		{F39DB772-14B0-4092-B928-D971DC92A963}.Debug|Any CPU.ActiveCfg = Debug|Any CPU
		{F39DB772-14B0-4092-B928-D971DC92A963}.Debug|Any CPU.Build.0 = Debug|Any CPU
		{F39DB772-14B0-4092-B928-D971DC92A963}.Release|Any CPU.ActiveCfg = Release|Any CPU
		{F39DB772-14B0-4092-B928-D971DC92A963}.Release|Any CPU.Build.0 = Release|Any CPU
		{B8928482-63B7-4988-8A9D-C0239F1F336E}.Debug|Any CPU.ActiveCfg = Debug|Any CPU
		{B8928482-63B7-4988-8A9D-C0239F1F336E}.Debug|Any CPU.Build.0 = Debug|Any CPU
		{B8928482-63B7-4988-8A9D-C0239F1F336E}.Release|Any CPU.ActiveCfg = Release|Any CPU
		{B8928482-63B7-4988-8A9D-C0239F1F336E}.Release|Any CPU.Build.0 = Release|Any CPU
		{09EF9F8C-8E8E-49EB-B0A9-814D28B35E03}.Debug|Any CPU.ActiveCfg = Debug|Any CPU
		{09EF9F8C-8E8E-49EB-B0A9-814D28B35E03}.Debug|Any CPU.Build.0 = Debug|Any CPU
		{09EF9F8C-8E8E-49EB-B0A9-814D28B35E03}.Release|Any CPU.ActiveCfg = Release|Any CPU
		{09EF9F8C-8E8E-49EB-B0A9-814D28B35E03}.Release|Any CPU.Build.0 = Release|Any CPU
		{1525FBA4-8B86-49CB-9136-37471EA051E7}.Debug|Any CPU.ActiveCfg = Debug|Any CPU
		{1525FBA4-8B86-49CB-9136-37471EA051E7}.Debug|Any CPU.Build.0 = Debug|Any CPU
		{1525FBA4-8B86-49CB-9136-37471EA051E7}.Release|Any CPU.ActiveCfg = Release|Any CPU
		{1525FBA4-8B86-49CB-9136-37471EA051E7}.Release|Any CPU.Build.0 = Release|Any CPU
		{D574769C-511F-4378-96A1-3712ABC7B7FC}.Debug|Any CPU.ActiveCfg = Debug|Any CPU
		{D574769C-511F-4378-96A1-3712ABC7B7FC}.Debug|Any CPU.Build.0 = Debug|Any CPU
		{D574769C-511F-4378-96A1-3712ABC7B7FC}.Release|Any CPU.ActiveCfg = Release|Any CPU
		{D574769C-511F-4378-96A1-3712ABC7B7FC}.Release|Any CPU.Build.0 = Release|Any CPU
		{D8EACBC3-0C07-4E40-9854-54C7D98C0504}.Debug|Any CPU.ActiveCfg = Debug|Any CPU
		{D8EACBC3-0C07-4E40-9854-54C7D98C0504}.Debug|Any CPU.Build.0 = Debug|Any CPU
		{D8EACBC3-0C07-4E40-9854-54C7D98C0504}.Release|Any CPU.ActiveCfg = Release|Any CPU
		{D8EACBC3-0C07-4E40-9854-54C7D98C0504}.Release|Any CPU.Build.0 = Release|Any CPU
		{809C8743-3B93-4861-86A4-88D799A36319}.Debug|Any CPU.ActiveCfg = Debug|Any CPU
		{809C8743-3B93-4861-86A4-88D799A36319}.Debug|Any CPU.Build.0 = Debug|Any CPU
		{809C8743-3B93-4861-86A4-88D799A36319}.Release|Any CPU.ActiveCfg = Release|Any CPU
		{809C8743-3B93-4861-86A4-88D799A36319}.Release|Any CPU.Build.0 = Release|Any CPU
		{5889CAF8-B206-4359-8A57-A5AA7799FF52}.Debug|Any CPU.ActiveCfg = Debug|Any CPU
		{5889CAF8-B206-4359-8A57-A5AA7799FF52}.Debug|Any CPU.Build.0 = Debug|Any CPU
		{5889CAF8-B206-4359-8A57-A5AA7799FF52}.Release|Any CPU.ActiveCfg = Release|Any CPU
		{5889CAF8-B206-4359-8A57-A5AA7799FF52}.Release|Any CPU.Build.0 = Release|Any CPU
		{EA4F21C3-5FC4-40B1-AB42-B2240CB98F8A}.Debug|Any CPU.ActiveCfg = Debug|Any CPU
		{EA4F21C3-5FC4-40B1-AB42-B2240CB98F8A}.Debug|Any CPU.Build.0 = Debug|Any CPU
		{EA4F21C3-5FC4-40B1-AB42-B2240CB98F8A}.Release|Any CPU.ActiveCfg = Release|Any CPU
		{EA4F21C3-5FC4-40B1-AB42-B2240CB98F8A}.Release|Any CPU.Build.0 = Release|Any CPU
		{F8C9091C-F6CB-435F-8F19-F840B799EBF8}.Debug|Any CPU.ActiveCfg = Debug|Any CPU
		{F8C9091C-F6CB-435F-8F19-F840B799EBF8}.Debug|Any CPU.Build.0 = Debug|Any CPU
		{F8C9091C-F6CB-435F-8F19-F840B799EBF8}.Release|Any CPU.ActiveCfg = Release|Any CPU
		{F8C9091C-F6CB-435F-8F19-F840B799EBF8}.Release|Any CPU.Build.0 = Release|Any CPU
		{02A58DFD-AB2B-4031-BE7A-70C2C5300222}.Debug|Any CPU.ActiveCfg = Debug|Any CPU
		{02A58DFD-AB2B-4031-BE7A-70C2C5300222}.Debug|Any CPU.Build.0 = Debug|Any CPU
		{02A58DFD-AB2B-4031-BE7A-70C2C5300222}.Release|Any CPU.ActiveCfg = Release|Any CPU
		{02A58DFD-AB2B-4031-BE7A-70C2C5300222}.Release|Any CPU.Build.0 = Release|Any CPU
		{36FF42FD-23A4-4FD4-902E-824E26DBB845}.Debug|Any CPU.ActiveCfg = Debug|Any CPU
		{36FF42FD-23A4-4FD4-902E-824E26DBB845}.Debug|Any CPU.Build.0 = Debug|Any CPU
		{36FF42FD-23A4-4FD4-902E-824E26DBB845}.Release|Any CPU.ActiveCfg = Release|Any CPU
		{36FF42FD-23A4-4FD4-902E-824E26DBB845}.Release|Any CPU.Build.0 = Release|Any CPU
	EndGlobalSection
	GlobalSection(SolutionProperties) = preSolution
		HideSolutionNode = FALSE
	EndGlobalSection
EndGlobal
