
Microsoft Visual Studio Solution File, Format Version 12.00
# Visual Studio 2013
VisualStudioVersion = 12.0.40629.0
MinimumVisualStudioVersion = 10.0.40219.1
Project("{FAE04EC0-301F-11D3-BF4B-00C04F79EFBC}") = "BinaryPasswords", "BinaryPasswords\BinaryPasswords.csproj", "{891BFE87-3EB1-4E91-B898-C3410932687E}"
EndProject
Project("{FAE04EC0-301F-11D3-BF4B-00C04F79EFBC}") = "BinaryTrees", "BinaryTrees\BinaryTrees.csproj", "{CB275E98-7C60-4E5C-94A1-1ABC9C2BB080}"
EndProject
Project("{FAE04EC0-301F-11D3-BF4B-00C04F79EFBC}") = "Circles", "Circles\Circles.csproj", "{0DA770DB-26AA-4F84-AD0E-8D14C56F2599}"
EndProject
Global
	GlobalSection(SolutionConfigurationPlatforms) = preSolution
		Debug|Any CPU = Debug|Any CPU
		Release|Any CPU = Release|Any CPU
	EndGlobalSection
	GlobalSection(ProjectConfigurationPlatforms) = postSolution
		{891BFE87-3EB1-4E91-B898-C3410932687E}.Debug|Any CPU.ActiveCfg = Debug|Any CPU
		{891BFE87-3EB1-4E91-B898-C3410932687E}.Debug|Any CPU.Build.0 = Debug|Any CPU
		{891BFE87-3EB1-4E91-B898-C3410932687E}.Release|Any CPU.ActiveCfg = Release|Any CPU
		{891BFE87-3EB1-4E91-B898-C3410932687E}.Release|Any CPU.Build.0 = Release|Any CPU
		{CB275E98-7C60-4E5C-94A1-1ABC9C2BB080}.Debug|Any CPU.ActiveCfg = Debug|Any CPU
		{CB275E98-7C60-4E5C-94A1-1ABC9C2BB080}.Debug|Any CPU.Build.0 = Debug|Any CPU
		{CB275E98-7C60-4E5C-94A1-1ABC9C2BB080}.Release|Any CPU.ActiveCfg = Release|Any CPU
		{CB275E98-7C60-4E5C-94A1-1ABC9C2BB080}.Release|Any CPU.Build.0 = Release|Any CPU
		{0DA770DB-26AA-4F84-AD0E-8D14C56F2599}.Debug|Any CPU.ActiveCfg = Debug|Any CPU
		{0DA770DB-26AA-4F84-AD0E-8D14C56F2599}.Debug|Any CPU.Build.0 = Debug|Any CPU
		{0DA770DB-26AA-4F84-AD0E-8D14C56F2599}.Release|Any CPU.ActiveCfg = Release|Any CPU
		{0DA770DB-26AA-4F84-AD0E-8D14C56F2599}.Release|Any CPU.Build.0 = Release|Any CPU
	EndGlobalSection
	GlobalSection(SolutionProperties) = preSolution
		HideSolutionNode = FALSE
	EndGlobalSection
EndGlobal
